// !$*UTF8*$!
{
	archiveVersion = 1;
	classes = {
	};
	objectVersion = 46;
	objects = {

/* Begin PBXBuildFile section */
		C928E3031EF8C7AC00A72087 /* AppDelegate.swift in Sources */ = {isa = PBXBuildFile; fileRef = C928E3021EF8C7AC00A72087 /* AppDelegate.swift */; };
		C928E3051EF8C7AC00A72087 /* ViewController.swift in Sources */ = {isa = PBXBuildFile; fileRef = C928E3041EF8C7AC00A72087 /* ViewController.swift */; };
		C928E3081EF8C7AC00A72087 /* Main.storyboard in Resources */ = {isa = PBXBuildFile; fileRef = C928E3061EF8C7AC00A72087 /* Main.storyboard */; };
		C928E30B1EF8C7AC00A72087 /* FunctionalResource.xcdatamodeld in Sources */ = {isa = PBXBuildFile; fileRef = C928E3091EF8C7AC00A72087 /* FunctionalResource.xcdatamodeld */; };
		C928E30D1EF8C7AC00A72087 /* Assets.xcassets in Resources */ = {isa = PBXBuildFile; fileRef = C928E30C1EF8C7AC00A72087 /* Assets.xcassets */; };
		C928E3101EF8C7AC00A72087 /* LaunchScreen.storyboard in Resources */ = {isa = PBXBuildFile; fileRef = C928E30E1EF8C7AC00A72087 /* LaunchScreen.storyboard */; };
		C928E31B1EF8C7AC00A72087 /* FunctionalResourceTests.swift in Sources */ = {isa = PBXBuildFile; fileRef = C928E31A1EF8C7AC00A72087 /* FunctionalResourceTests.swift */; };
/* End PBXBuildFile section */

/* Begin PBXContainerItemProxy section */
		C928E3171EF8C7AC00A72087 /* PBXContainerItemProxy */ = {
			isa = PBXContainerItemProxy;
			containerPortal = C928E2F71EF8C7AB00A72087 /* Project object */;
			proxyType = 1;
			remoteGlobalIDString = C928E2FE1EF8C7AC00A72087;
			remoteInfo = FunctionalResource;
		};
/* End PBXContainerItemProxy section */

/* Begin PBXFileReference section */
		C928E2FF1EF8C7AC00A72087 /* FunctionalResource.app */ = {isa = PBXFileReference; explicitFileType = wrapper.application; includeInIndex = 0; path = FunctionalResource.app; sourceTree = BUILT_PRODUCTS_DIR; };
		C928E3021EF8C7AC00A72087 /* AppDelegate.swift */ = {isa = PBXFileReference; lastKnownFileType = sourcecode.swift; path = AppDelegate.swift; sourceTree = "<group>"; };
		C928E3041EF8C7AC00A72087 /* ViewController.swift */ = {isa = PBXFileReference; lastKnownFileType = sourcecode.swift; path = ViewController.swift; sourceTree = "<group>"; };
		C928E3071EF8C7AC00A72087 /* Base */ = {isa = PBXFileReference; lastKnownFileType = file.storyboard; name = Base; path = Base.lproj/Main.storyboard; sourceTree = "<group>"; };
		C928E30A1EF8C7AC00A72087 /* FunctionalResource.xcdatamodel */ = {isa = PBXFileReference; lastKnownFileType = wrapper.xcdatamodel; path = FunctionalResource.xcdatamodel; sourceTree = "<group>"; };
		C928E30C1EF8C7AC00A72087 /* Assets.xcassets */ = {isa = PBXFileReference; lastKnownFileType = folder.assetcatalog; path = Assets.xcassets; sourceTree = "<group>"; };
		C928E30F1EF8C7AC00A72087 /* Base */ = {isa = PBXFileReference; lastKnownFileType = file.storyboard; name = Base; path = Base.lproj/LaunchScreen.storyboard; sourceTree = "<group>"; };
		C928E3111EF8C7AC00A72087 /* Info.plist */ = {isa = PBXFileReference; lastKnownFileType = text.plist.xml; path = Info.plist; sourceTree = "<group>"; };
		C928E3161EF8C7AC00A72087 /* FunctionalResourceTests.xctest */ = {isa = PBXFileReference; explicitFileType = wrapper.cfbundle; includeInIndex = 0; path = FunctionalResourceTests.xctest; sourceTree = BUILT_PRODUCTS_DIR; };
		C928E31A1EF8C7AC00A72087 /* FunctionalResourceTests.swift */ = {isa = PBXFileReference; lastKnownFileType = sourcecode.swift; path = FunctionalResourceTests.swift; sourceTree = "<group>"; };
		C928E31C1EF8C7AC00A72087 /* Info.plist */ = {isa = PBXFileReference; lastKnownFileType = text.plist.xml; path = Info.plist; sourceTree = "<group>"; };
/* End PBXFileReference section */

/* Begin PBXFrameworksBuildPhase section */
		C928E2FC1EF8C7AC00A72087 /* Frameworks */ = {
			isa = PBXFrameworksBuildPhase;
			buildActionMask = 2147483647;
			files = (
			);
			runOnlyForDeploymentPostprocessing = 0;
		};
		C928E3131EF8C7AC00A72087 /* Frameworks */ = {
			isa = PBXFrameworksBuildPhase;
			buildActionMask = 2147483647;
			files = (
			);
			runOnlyForDeploymentPostprocessing = 0;
		};
/* End PBXFrameworksBuildPhase section */

/* Begin PBXGroup section */
		C928E2F61EF8C7AB00A72087 = {
			isa = PBXGroup;
			children = (
				C928E3011EF8C7AC00A72087 /* FunctionalResource */,
				C928E3191EF8C7AC00A72087 /* FunctionalResourceTests */,
				C928E3001EF8C7AC00A72087 /* Products */,
			);
			sourceTree = "<group>";
		};
		C928E3001EF8C7AC00A72087 /* Products */ = {
			isa = PBXGroup;
			children = (
				C928E2FF1EF8C7AC00A72087 /* FunctionalResource.app */,
				C928E3161EF8C7AC00A72087 /* FunctionalResourceTests.xctest */,
			);
			name = Products;
			sourceTree = "<group>";
		};
		C928E3011EF8C7AC00A72087 /* FunctionalResource */ = {
			isa = PBXGroup;
			children = (
				C928E3021EF8C7AC00A72087 /* AppDelegate.swift */,
				C928E3041EF8C7AC00A72087 /* ViewController.swift */,
				C928E3061EF8C7AC00A72087 /* Main.storyboard */,
				C928E30C1EF8C7AC00A72087 /* Assets.xcassets */,
				C928E30E1EF8C7AC00A72087 /* LaunchScreen.storyboard */,
				C928E3111EF8C7AC00A72087 /* Info.plist */,
				C928E3091EF8C7AC00A72087 /* FunctionalResource.xcdatamodeld */,
			);
			path = FunctionalResource;
			sourceTree = "<group>";
		};
		C928E3191EF8C7AC00A72087 /* FunctionalResourceTests */ = {
			isa = PBXGroup;
			children = (
				C928E31A1EF8C7AC00A72087 /* FunctionalResourceTests.swift */,
				C928E31C1EF8C7AC00A72087 /* Info.plist */,
			);
			path = FunctionalResourceTests;
			sourceTree = "<group>";
		};
/* End PBXGroup section */

/* Begin PBXNativeTarget section */
		C928E2FE1EF8C7AC00A72087 /* FunctionalResource */ = {
			isa = PBXNativeTarget;
			buildConfigurationList = C928E31F1EF8C7AC00A72087 /* Build configuration list for PBXNativeTarget "FunctionalResource" */;
			buildPhases = (
				C928E2FB1EF8C7AC00A72087 /* Sources */,
				C928E2FC1EF8C7AC00A72087 /* Frameworks */,
				C928E2FD1EF8C7AC00A72087 /* Resources */,
			);
			buildRules = (
			);
			dependencies = (
			);
			name = FunctionalResource;
			productName = FunctionalResource;
			productReference = C928E2FF1EF8C7AC00A72087 /* FunctionalResource.app */;
			productType = "com.apple.product-type.application";
		};
		C928E3151EF8C7AC00A72087 /* FunctionalResourceTests */ = {
			isa = PBXNativeTarget;
			buildConfigurationList = C928E3221EF8C7AC00A72087 /* Build configuration list for PBXNativeTarget "FunctionalResourceTests" */;
			buildPhases = (
				C928E3121EF8C7AC00A72087 /* Sources */,
				C928E3131EF8C7AC00A72087 /* Frameworks */,
				C928E3141EF8C7AC00A72087 /* Resources */,
			);
			buildRules = (
			);
			dependencies = (
				C928E3181EF8C7AC00A72087 /* PBXTargetDependency */,
			);
			name = FunctionalResourceTests;
			productName = FunctionalResourceTests;
			productReference = C928E3161EF8C7AC00A72087 /* FunctionalResourceTests.xctest */;
			productType = "com.apple.product-type.bundle.unit-test";
		};
/* End PBXNativeTarget section */

/* Begin PBXProject section */
		C928E2F71EF8C7AB00A72087 /* Project object */ = {
			isa = PBXProject;
			attributes = {
				LastSwiftUpdateCheck = 0830;
				LastUpgradeCheck = 0830;
				ORGANIZATIONNAME = Procore;
				TargetAttributes = {
					C928E2FE1EF8C7AC00A72087 = {
						CreatedOnToolsVersion = 8.3.3;
						DevelopmentTeam = Q69JMRS3FN;
						ProvisioningStyle = Automatic;
					};
					C928E3151EF8C7AC00A72087 = {
						CreatedOnToolsVersion = 8.3.3;
						DevelopmentTeam = Q69JMRS3FN;
						ProvisioningStyle = Automatic;
						TestTargetID = C928E2FE1EF8C7AC00A72087;
					};
				};
			};
			buildConfigurationList = C928E2FA1EF8C7AB00A72087 /* Build configuration list for PBXProject "FunctionalResource" */;
			compatibilityVersion = "Xcode 3.2";
			developmentRegion = English;
			hasScannedForEncodings = 0;
			knownRegions = (
				en,
				Base,
			);
			mainGroup = C928E2F61EF8C7AB00A72087;
			productRefGroup = C928E3001EF8C7AC00A72087 /* Products */;
			projectDirPath = "";
			projectRoot = "";
			targets = (
				C928E2FE1EF8C7AC00A72087 /* FunctionalResource */,
				C928E3151EF8C7AC00A72087 /* FunctionalResourceTests */,
			);
		};
/* End PBXProject section */

/* Begin PBXResourcesBuildPhase section */
		C928E2FD1EF8C7AC00A72087 /* Resources */ = {
			isa = PBXResourcesBuildPhase;
			buildActionMask = 2147483647;
			files = (
				C928E3101EF8C7AC00A72087 /* LaunchScreen.storyboard in Resources */,
				C928E30D1EF8C7AC00A72087 /* Assets.xcassets in Resources */,
				C928E3081EF8C7AC00A72087 /* Main.storyboard in Resources */,
			);
			runOnlyForDeploymentPostprocessing = 0;
		};
		C928E3141EF8C7AC00A72087 /* Resources */ = {
			isa = PBXResourcesBuildPhase;
			buildActionMask = 2147483647;
			files = (
			);
			runOnlyForDeploymentPostprocessing = 0;
		};
/* End PBXResourcesBuildPhase section */

/* Begin PBXSourcesBuildPhase section */
		C928E2FB1EF8C7AC00A72087 /* Sources */ = {
			isa = PBXSourcesBuildPhase;
			buildActionMask = 2147483647;
			files = (
				C928E3051EF8C7AC00A72087 /* ViewController.swift in Sources */,
				C928E30B1EF8C7AC00A72087 /* FunctionalResource.xcdatamodeld in Sources */,
				C928E3031EF8C7AC00A72087 /* AppDelegate.swift in Sources */,
			);
			runOnlyForDeploymentPostprocessing = 0;
		};
		C928E3121EF8C7AC00A72087 /* Sources */ = {
			isa = PBXSourcesBuildPhase;
			buildActionMask = 2147483647;
			files = (
				C928E31B1EF8C7AC00A72087 /* FunctionalResourceTests.swift in Sources */,
			);
			runOnlyForDeploymentPostprocessing = 0;
		};
/* End PBXSourcesBuildPhase section */

/* Begin PBXTargetDependency section */
		C928E3181EF8C7AC00A72087 /* PBXTargetDependency */ = {
			isa = PBXTargetDependency;
			target = C928E2FE1EF8C7AC00A72087 /* FunctionalResource */;
			targetProxy = C928E3171EF8C7AC00A72087 /* PBXContainerItemProxy */;
		};
/* End PBXTargetDependency section */

/* Begin PBXVariantGroup section */
		C928E3061EF8C7AC00A72087 /* Main.storyboard */ = {
			isa = PBXVariantGroup;
			children = (
				C928E3071EF8C7AC00A72087 /* Base */,
			);
			name = Main.storyboard;
			sourceTree = "<group>";
		};
		C928E30E1EF8C7AC00A72087 /* LaunchScreen.storyboard */ = {
			isa = PBXVariantGroup;
			children = (
				C928E30F1EF8C7AC00A72087 /* Base */,
			);
			name = LaunchScreen.storyboard;
			sourceTree = "<group>";
		};
/* End PBXVariantGroup section */

/* Begin XCBuildConfiguration section */
		C928E31D1EF8C7AC00A72087 /* Debug */ = {
			isa = XCBuildConfiguration;
			buildSettings = {
				ALWAYS_SEARCH_USER_PATHS = NO;
				CLANG_ANALYZER_NONNULL = YES;
				CLANG_ANALYZER_NUMBER_OBJECT_CONVERSION = YES_AGGRESSIVE;
				CLANG_CXX_LANGUAGE_STANDARD = "gnu++0x";
				CLANG_CXX_LIBRARY = "libc++";
				CLANG_ENABLE_MODULES = YES;
				CLANG_ENABLE_OBJC_ARC = YES;
				CLANG_WARN_BOOL_CONVERSION = YES;
				CLANG_WARN_CONSTANT_CONVERSION = YES;
				CLANG_WARN_DIRECT_OBJC_ISA_USAGE = YES_ERROR;
				CLANG_WARN_DOCUMENTATION_COMMENTS = YES;
				CLANG_WARN_EMPTY_BODY = YES;
				CLANG_WARN_ENUM_CONVERSION = YES;
				CLANG_WARN_INFINITE_RECURSION = YES;
				CLANG_WARN_INT_CONVERSION = YES;
				CLANG_WARN_OBJC_ROOT_CLASS = YES_ERROR;
				CLANG_WARN_SUSPICIOUS_MOVE = YES;
				CLANG_WARN_UNREACHABLE_CODE = YES;
				CLANG_WARN__DUPLICATE_METHOD_MATCH = YES;
				"CODE_SIGN_IDENTITY[sdk=iphoneos*]" = "iPhone Developer";
				COPY_PHASE_STRIP = NO;
				DEBUG_INFORMATION_FORMAT = dwarf;
				ENABLE_STRICT_OBJC_MSGSEND = YES;
				ENABLE_TESTABILITY = YES;
				GCC_C_LANGUAGE_STANDARD = gnu99;
				GCC_DYNAMIC_NO_PIC = NO;
				GCC_NO_COMMON_BLOCKS = YES;
				GCC_OPTIMIZATION_LEVEL = 0;
				GCC_PREPROCESSOR_DEFINITIONS = (
					"DEBUG=1",
					"$(inherited)",
				);
				GCC_WARN_64_TO_32_BIT_CONVERSION = YES;
				GCC_WARN_ABOUT_RETURN_TYPE = YES_ERROR;
				GCC_WARN_UNDECLARED_SELECTOR = YES;
				GCC_WARN_UNINITIALIZED_AUTOS = YES_AGGRESSIVE;
				GCC_WARN_UNUSED_FUNCTION = YES;
				GCC_WARN_UNUSED_VARIABLE = YES;
				IPHONEOS_DEPLOYMENT_TARGET = 10.3;
				MTL_ENABLE_DEBUG_INFO = YES;
				ONLY_ACTIVE_ARCH = YES;
				SDKROOT = iphoneos;
				SWIFT_ACTIVE_COMPILATION_CONDITIONS = DEBUG;
				SWIFT_OPTIMIZATION_LEVEL = "-Onone";
				TARGETED_DEVICE_FAMILY = "1,2";
			};
			name = Debug;
		};
		C928E31E1EF8C7AC00A72087 /* Release */ = {
			isa = XCBuildConfiguration;
			buildSettings = {
				ALWAYS_SEARCH_USER_PATHS = NO;
				CLANG_ANALYZER_NONNULL = YES;
				CLANG_ANALYZER_NUMBER_OBJECT_CONVERSION = YES_AGGRESSIVE;
				CLANG_CXX_LANGUAGE_STANDARD = "gnu++0x";
				CLANG_CXX_LIBRARY = "libc++";
				CLANG_ENABLE_MODULES = YES;
				CLANG_ENABLE_OBJC_ARC = YES;
				CLANG_WARN_BOOL_CONVERSION = YES;
				CLANG_WARN_CONSTANT_CONVERSION = YES;
				CLANG_WARN_DIRECT_OBJC_ISA_USAGE = YES_ERROR;
				CLANG_WARN_DOCUMENTATION_COMMENTS = YES;
				CLANG_WARN_EMPTY_BODY = YES;
				CLANG_WARN_ENUM_CONVERSION = YES;
				CLANG_WARN_INFINITE_RECURSION = YES;
				CLANG_WARN_INT_CONVERSION = YES;
				CLANG_WARN_OBJC_ROOT_CLASS = YES_ERROR;
				CLANG_WARN_SUSPICIOUS_MOVE = YES;
				CLANG_WARN_UNREACHABLE_CODE = YES;
				CLANG_WARN__DUPLICATE_METHOD_MATCH = YES;
				"CODE_SIGN_IDENTITY[sdk=iphoneos*]" = "iPhone Developer";
				COPY_PHASE_STRIP = NO;
				DEBUG_INFORMATION_FORMAT = "dwarf-with-dsym";
				ENABLE_NS_ASSERTIONS = NO;
				ENABLE_STRICT_OBJC_MSGSEND = YES;
				GCC_C_LANGUAGE_STANDARD = gnu99;
				GCC_NO_COMMON_BLOCKS = YES;
				GCC_WARN_64_TO_32_BIT_CONVERSION = YES;
				GCC_WARN_ABOUT_RETURN_TYPE = YES_ERROR;
				GCC_WARN_UNDECLARED_SELECTOR = YES;
				GCC_WARN_UNINITIALIZED_AUTOS = YES_AGGRESSIVE;
				GCC_WARN_UNUSED_FUNCTION = YES;
				GCC_WARN_UNUSED_VARIABLE = YES;
				IPHONEOS_DEPLOYMENT_TARGET = 10.3;
				MTL_ENABLE_DEBUG_INFO = NO;
				SDKROOT = iphoneos;
				SWIFT_OPTIMIZATION_LEVEL = "-Owholemodule";
				TARGETED_DEVICE_FAMILY = "1,2";
				VALIDATE_PRODUCT = YES;
			};
			name = Release;
		};
		C928E3201EF8C7AC00A72087 /* Debug */ = {
			isa = XCBuildConfiguration;
			buildSettings = {
				ASSETCATALOG_COMPILER_APPICON_NAME = AppIcon;
				DEVELOPMENT_TEAM = Q69JMRS3FN;
				INFOPLIST_FILE = FunctionalResource/Info.plist;
				LD_RUNPATH_SEARCH_PATHS = "$(inherited) @executable_path/Frameworks";
				PRODUCT_BUNDLE_IDENTIFIER = com.procore.FunctionalResource;
				PRODUCT_NAME = "$(TARGET_NAME)";
				SWIFT_VERSION = 3.0;
			};
			name = Debug;
		};
		C928E3211EF8C7AC00A72087 /* Release */ = {
			isa = XCBuildConfiguration;
			buildSettings = {
				ASSETCATALOG_COMPILER_APPICON_NAME = AppIcon;
				DEVELOPMENT_TEAM = Q69JMRS3FN;
				INFOPLIST_FILE = FunctionalResource/Info.plist;
				LD_RUNPATH_SEARCH_PATHS = "$(inherited) @executable_path/Frameworks";
				PRODUCT_BUNDLE_IDENTIFIER = com.procore.FunctionalResource;
				PRODUCT_NAME = "$(TARGET_NAME)";
				SWIFT_VERSION = 3.0;
			};
			name = Release;
		};
		C928E3231EF8C7AC00A72087 /* Debug */ = {
			isa = XCBuildConfiguration;
			buildSettings = {
				ALWAYS_EMBED_SWIFT_STANDARD_LIBRARIES = YES;
				BUNDLE_LOADER = "$(TEST_HOST)";
				DEVELOPMENT_TEAM = Q69JMRS3FN;
				INFOPLIST_FILE = FunctionalResourceTests/Info.plist;
				LD_RUNPATH_SEARCH_PATHS = "$(inherited) @executable_path/Frameworks @loader_path/Frameworks";
				PRODUCT_BUNDLE_IDENTIFIER = com.procore.FunctionalResourceTests;
				PRODUCT_NAME = "$(TARGET_NAME)";
				SWIFT_VERSION = 3.0;
				TEST_HOST = "$(BUILT_PRODUCTS_DIR)/FunctionalResource.app/FunctionalResource";
			};
			name = Debug;
		};
		C928E3241EF8C7AC00A72087 /* Release */ = {
			isa = XCBuildConfiguration;
			buildSettings = {
				ALWAYS_EMBED_SWIFT_STANDARD_LIBRARIES = YES;
				BUNDLE_LOADER = "$(TEST_HOST)";
				DEVELOPMENT_TEAM = Q69JMRS3FN;
				INFOPLIST_FILE = FunctionalResourceTests/Info.plist;
				LD_RUNPATH_SEARCH_PATHS = "$(inherited) @executable_path/Frameworks @loader_path/Frameworks";
				PRODUCT_BUNDLE_IDENTIFIER = com.procore.FunctionalResourceTests;
				PRODUCT_NAME = "$(TARGET_NAME)";
				SWIFT_VERSION = 3.0;
				TEST_HOST = "$(BUILT_PRODUCTS_DIR)/FunctionalResource.app/FunctionalResource";
			};
			name = Release;
		};
/* End XCBuildConfiguration section */

/* Begin XCConfigurationList section */
		C928E2FA1EF8C7AB00A72087 /* Build configuration list for PBXProject "FunctionalResource" */ = {
			isa = XCConfigurationList;
			buildConfigurations = (
				C928E31D1EF8C7AC00A72087 /* Debug */,
				C928E31E1EF8C7AC00A72087 /* Release */,
			);
			defaultConfigurationIsVisible = 0;
			defaultConfigurationName = Release;
		};
		C928E31F1EF8C7AC00A72087 /* Build configuration list for PBXNativeTarget "FunctionalResource" */ = {
			isa = XCConfigurationList;
			buildConfigurations = (
				C928E3201EF8C7AC00A72087 /* Debug */,
				C928E3211EF8C7AC00A72087 /* Release */,
			);
			defaultConfigurationIsVisible = 0;
		};
		C928E3221EF8C7AC00A72087 /* Build configuration list for PBXNativeTarget "FunctionalResourceTests" */ = {
			isa = XCConfigurationList;
			buildConfigurations = (
				C928E3231EF8C7AC00A72087 /* Debug */,
				C928E3241EF8C7AC00A72087 /* Release */,
			);
			defaultConfigurationIsVisible = 0;
		};
/* End XCConfigurationList section */

/* Begin XCVersionGroup section */
		C928E3091EF8C7AC00A72087 /* FunctionalResource.xcdatamodeld */ = {
			isa = XCVersionGroup;
			children = (
				C928E30A1EF8C7AC00A72087 /* FunctionalResource.xcdatamodel */,
			);
			currentVersion = C928E30A1EF8C7AC00A72087 /* FunctionalResource.xcdatamodel */;
			path = FunctionalResource.xcdatamodeld;
			sourceTree = "<group>";
			versionGroupType = wrapper.xcdatamodel;
		};
/* End XCVersionGroup section */
	};
	rootObject = C928E2F71EF8C7AB00A72087 /* Project object */;
}
